
Microsoft Visual Studio Solution File, Format Version 12.00
# Visual Studio Version 16
VisualStudioVersion = 16.0.29728.190
MinimumVisualStudioVersion = 10.0.40219.1
Project("{FAE04EC0-301F-11D3-BF4B-00C04F79EFBC}") = "operadores de asignacion", "operadores de asignacion\operadores de asignacion.csproj", "{4520B1D7-E1D1-42F4-9082-4CF8C2BE958D}"
EndProject
Global
	GlobalSection(SolutionConfigurationPlatforms) = preSolution
		Debug|Any CPU = Debug|Any CPU
		Release|Any CPU = Release|Any CPU
	EndGlobalSection
	GlobalSection(ProjectConfigurationPlatforms) = postSolution
		{4520B1D7-E1D1-42F4-9082-4CF8C2BE958D}.Debug|Any CPU.ActiveCfg = Debug|Any CPU
		{4520B1D7-E1D1-42F4-9082-4CF8C2BE958D}.Debug|Any CPU.Build.0 = Debug|Any CPU
		{4520B1D7-E1D1-42F4-9082-4CF8C2BE958D}.Release|Any CPU.ActiveCfg = Release|Any CPU
		{4520B1D7-E1D1-42F4-9082-4CF8C2BE958D}.Release|Any CPU.Build.0 = Release|Any CPU
	EndGlobalSection
	GlobalSection(SolutionProperties) = preSolution
		HideSolutionNode = FALSE
	EndGlobalSection
	GlobalSection(ExtensibilityGlobals) = postSolution
		SolutionGuid = {7F7666D8-E377-4B84-8AEE-593BBD503A42}
	EndGlobalSection
EndGlobal
